<?xml version="1.0" encoding="utf-8"?>
<Project ToolsVersion="4.0" xmlns="http://schemas.microsoft.com/developer/msbuild/2003">
  <ItemGroup>
    <Filter Include="Source Files">
      <UniqueIdentifier>{4FC737F1-C7A5-4376-A066-2A32D752A2FF}</UniqueIdentifier>
      <Extensions>cpp;c;cc;cxx;def;odl;idl;hpj;bat;asm;asmx</Extensions>
    </Filter>
    <Filter Include="Header Files">
      <UniqueIdentifier>{93995380-89BD-4b04-88EB-625FBE52EBFB}</UniqueIdentifier>
      <Extensions>h;hh;hpp;hxx;hm;inl;inc;xsd</Extensions>
    </Filter>
  </ItemGroup>
  <ItemGroup>
    <ClInclude Include="resource.h">
      <Filter>Header Files</Filter>
    </ClInclude>
    <ClInclude Include="DsrcTkDataFrame.h">
      <Filter>Header Files</Filter>
    </ClInclude>
    <ClInclude Include="DsrcTkTIM.h">
      <Filter>Header Files</Filter>
    </ClInclude>
    <ClInclude Include="DsrcTkTIMOptions.h">
      <Filter>Header Files</Filter>
    </ClInclude>
    <ClInclude Include="Header.h">
      <Filter>Header Files</Filter>
    </ClInclude>
    <ClInclude Include="DsrcTkAbsoluteNode.h">
      <Filter>Header Files</Filter>
    </ClInclude>
    <ClInclude Include="DsrcTkShapePointSet.h">
      <Filter>Header Files</Filter>
    </ClInclude>
    <ClInclude Include="DsrcTkDataFrameOptions.h">
      <Filter>Header Files</Filter>
    </ClInclude>
  </ItemGroup>
  <ItemGroup>
    <ClCompile Include="AssemblyInfo.cpp">
      <Filter>Source Files</Filter>
    </ClCompile>
    <ClCompile Include="DsrcTkTIM.cpp">
      <Filter>Source Files</Filter>
    </ClCompile>
    <ClCompile Include="DsrcTkTIMOptions.cpp">
      <Filter>Source Files</Filter>
    </ClCompile>
    <ClCompile Include="DsrcTkAbsoluteNode.cpp">
      <Filter>Source Files</Filter>
    </ClCompile>
    <ClCompile Include="DsrcTkShapePointSet.cpp">
      <Filter>Source Files</Filter>
    </ClCompile>
    <ClCompile Include="DsrcTkDataFrameOptions.cpp">
      <Filter>Source Files</Filter>
    </ClCompile>
    <ClCompile Include="DsrcTkDataFrame.cpp">
      <Filter>Source Files</Filter>
    </ClCompile>
  </ItemGroup>
</Project>