
Microsoft Visual Studio Solution File, Format Version 12.00
# Visual Studio 2013
VisualStudioVersion = 12.0.21005.1
MinimumVisualStudioVersion = 10.0.40219.1
Project("{CC5FD16D-436D-48AD-A40C-5A424C6E3E79}") = "IDTO.DataProcessor.Azure", "IDTO.DataProcessor.Azure\IDTO.DataProcessor.Azure.ccproj", "{82B71696-00F2-498D-B599-14C8C7C4AC7F}"
EndProject
Project("{FAE04EC0-301F-11D3-BF4B-00C04F79EFBC}") = "IDTO.DataProcessor", "IDTO.DataProcessor\IDTO.DataProcessor.csproj", "{A8184B17-0846-4737-A6E8-49D6528C6255}"
EndProject
Project("{FAE04EC0-301F-11D3-BF4B-00C04F79EFBC}") = "IDTO.Service", "IDTO.Service\IDTO.Service.csproj", "{0C07B453-B561-4422-9795-C08920FF3D9E}"
EndProject
Project("{FAE04EC0-301F-11D3-BF4B-00C04F79EFBC}") = "IDTO.Entity", "IDTO.Entity\IDTO.Entity.csproj", "{573DF4A0-3C34-435A-A4EB-5BC2B8B8EBF0}"
EndProject
Project("{FAE04EC0-301F-11D3-BF4B-00C04F79EFBC}") = "IDTO.Data", "IDTO.Data\IDTO.Data.csproj", "{DB80D502-E953-42DF-B24E-3364FC020BD9}"
EndProject
Project("{2150E333-8FDC-42A3-9474-1A3956D46DE8}") = "Frameworks", "Frameworks", "{1495EF8D-A0CB-4191-A46B-DC876C45D1FD}"
EndProject
Project("{FAE04EC0-301F-11D3-BF4B-00C04F79EFBC}") = "Repository", "Repository\Repository.csproj", "{6E682A14-C872-4813-B620-76E108DEA683}"
EndProject
Project("{FAE04EC0-301F-11D3-BF4B-00C04F79EFBC}") = "Validation", "Validation\Validation.csproj", "{6BB1B17C-ADB6-4019-9028-EA8865DB8E7B}"
EndProject
Project("{2150E333-8FDC-42A3-9474-1A3956D46DE8}") = "DataAccess", "DataAccess", "{A49681B6-4DD7-4FCA-8D2B-87C6B2B81A67}"
EndProject
Project("{FAE04EC0-301F-11D3-BF4B-00C04F79EFBC}") = "IDTO.WebAPI", "IDTO.WebAPI\IDTO.WebAPI.csproj", "{DDB5B648-47C1-4B8E-AE7B-E7421AE9D6DE}"
EndProject
Project("{FAE04EC0-301F-11D3-BF4B-00C04F79EFBC}") = "IDTO.TravelerPortal", "IDTO.TravelerPortal\IDTO.TravelerPortal.csproj", "{8B6F2871-7324-46A6-8C02-6720B96C3D30}"
EndProject
Project("{FAE04EC0-301F-11D3-BF4B-00C04F79EFBC}") = "IDTO.DispatcherPortal", "IDTO.DispatcherPortal\IDTO.DispatcherPortal.csproj", "{56157744-4B21-4268-91DC-EFC9D2917BE8}"
EndProject
Project("{FAE04EC0-301F-11D3-BF4B-00C04F79EFBC}") = "IDTO.RouteAggregationLibrary", "IDTO.RouteAggregationLibrary\IDTO.RouteAggregationLibrary.csproj", "{E3DA243A-E62D-4C1B-9F90-6EA0E283BA40}"
EndProject
Project("{FAE04EC0-301F-11D3-BF4B-00C04F79EFBC}") = "IDTO.UnitTests", "IDTO.UnitTests\IDTO.UnitTests.csproj", "{FE643FC3-D11A-4D73-9599-EF2B00CC7B93}"
EndProject
Project("{FAE04EC0-301F-11D3-BF4B-00C04F79EFBC}") = "IDTO.Common", "IDTO.Common\IDTO.Common.csproj", "{B7C251A8-1ACB-4E08-A4BD-348E73E6222D}"
EndProject
Project("{FAE04EC0-301F-11D3-BF4B-00C04F79EFBC}") = "IDTO.BasicAuthentication", "IDTO.BasicAuthentication\IDTO.BasicAuthentication.csproj", "{8B8D3FF3-9E4B-48D9-8BEF-52AB2651638A}"
EndProject
Project("{FAE04EC0-301F-11D3-BF4B-00C04F79EFBC}") = "TripMonitor", "TripMonitor\TripMonitor.csproj", "{2A7A4E8A-DF96-4DAA-814E-0B1123241277}"
EndProject
Project("{FAE04EC0-301F-11D3-BF4B-00C04F79EFBC}") = "TripMonitor.Tests", "TripMonitor.Tests\TripMonitor.Tests.csproj", "{0B2F2E78-14A2-491B-93AF-E57FCF2436D1}"
EndProject
Project("{FAE04EC0-301F-11D3-BF4B-00C04F79EFBC}") = "BusTime", "BusTime\BusTime.csproj", "{98D01441-1D06-4310-9516-13629B9EC26B}"
EndProject
Project("{FAE04EC0-301F-11D3-BF4B-00C04F79EFBC}") = "IDTO.DataProcessorTests", "IDTO.DataProcessorTests\IDTO.DataProcessorTests.csproj", "{E7AB236A-F1A0-469C-AB14-A8F178926081}"
EndProject
Project("{2150E333-8FDC-42A3-9474-1A3956D46DE8}") = ".nuget", ".nuget", "{51276482-2073-4DC5-8C4F-F3B3684DB92F}"
	ProjectSection(SolutionItems) = preProject
		.nuget\NuGet.Config = .nuget\NuGet.Config
		.nuget\NuGet.exe = .nuget\NuGet.exe
		.nuget\NuGet.targets = .nuget\NuGet.targets
	EndProjectSection
EndProject
Project("{FAE04EC0-301F-11D3-BF4B-00C04F79EFBC}") = "BusScheduleInterface", "BusScheduleInterface\BusScheduleInterface.csproj", "{15305FB5-018F-4F22-BCEC-9EEA24FE7DA9}"
EndProject
Project("{2150E333-8FDC-42A3-9474-1A3956D46DE8}") = "BusScheduleImpls", "BusScheduleImpls", "{379B67BD-640A-4511-87AE-A7287B7DC1DE}"
EndProject
Project("{FAE04EC0-301F-11D3-BF4B-00C04F79EFBC}") = "VeoliaShadowAPI", "VeoliaShadowAPI\VeoliaShadowAPI.csproj", "{010F57FE-9DF0-4723-9327-7566CD5B290D}"
EndProject
Project("{FAE04EC0-301F-11D3-BF4B-00C04F79EFBC}") = "SunRailLocoPos", "SunRailLocoPos\SunRailLocoPos.csproj", "{87B605B4-DCCD-468C-ADC9-3F95901687DD}"
EndProject
Project("{FAE04EC0-301F-11D3-BF4B-00C04F79EFBC}") = "SunRailLocoPosTests", "SunRailLocoPosTests\SunRailLocoPosTests.csproj", "{6FFF469C-0649-44F4-879D-6793B289714F}"
EndProject
Project("{FAE04EC0-301F-11D3-BF4B-00C04F79EFBC}") = "ShadowTests", "ShadowTests\ShadowTests.csproj", "{CA745716-7882-404A-BA9F-E766A4DD5B69}"
EndProject
Global
	GlobalSection(SolutionConfigurationPlatforms) = preSolution
		Debug|Any CPU = Debug|Any CPU
		Debug|x86 = Debug|x86
		Production|Any CPU = Production|Any CPU
		Production|x86 = Production|x86
		Release|Any CPU = Release|Any CPU
		Release|x86 = Release|x86
	EndGlobalSection
	GlobalSection(ProjectConfigurationPlatforms) = postSolution
		{82B71696-00F2-498D-B599-14C8C7C4AC7F}.Debug|Any CPU.ActiveCfg = Debug|Any CPU
		{82B71696-00F2-498D-B599-14C8C7C4AC7F}.Debug|Any CPU.Build.0 = Debug|Any CPU
		{82B71696-00F2-498D-B599-14C8C7C4AC7F}.Debug|x86.ActiveCfg = Debug|Any CPU
		{82B71696-00F2-498D-B599-14C8C7C4AC7F}.Production|Any CPU.ActiveCfg = Production|Any CPU
		{82B71696-00F2-498D-B599-14C8C7C4AC7F}.Production|Any CPU.Build.0 = Production|Any CPU
		{82B71696-00F2-498D-B599-14C8C7C4AC7F}.Production|x86.ActiveCfg = Production|Any CPU
		{82B71696-00F2-498D-B599-14C8C7C4AC7F}.Release|Any CPU.ActiveCfg = Release|Any CPU
		{82B71696-00F2-498D-B599-14C8C7C4AC7F}.Release|Any CPU.Build.0 = Release|Any CPU
		{82B71696-00F2-498D-B599-14C8C7C4AC7F}.Release|x86.ActiveCfg = Release|Any CPU
		{A8184B17-0846-4737-A6E8-49D6528C6255}.Debug|Any CPU.ActiveCfg = Debug|Any CPU
		{A8184B17-0846-4737-A6E8-49D6528C6255}.Debug|Any CPU.Build.0 = Debug|Any CPU
		{A8184B17-0846-4737-A6E8-49D6528C6255}.Debug|x86.ActiveCfg = Debug|Any CPU
		{A8184B17-0846-4737-A6E8-49D6528C6255}.Production|Any CPU.ActiveCfg = Production|Any CPU
		{A8184B17-0846-4737-A6E8-49D6528C6255}.Production|Any CPU.Build.0 = Production|Any CPU
		{A8184B17-0846-4737-A6E8-49D6528C6255}.Production|x86.ActiveCfg = Production|Any CPU
		{A8184B17-0846-4737-A6E8-49D6528C6255}.Release|Any CPU.ActiveCfg = Release|Any CPU
		{A8184B17-0846-4737-A6E8-49D6528C6255}.Release|Any CPU.Build.0 = Release|Any CPU
		{A8184B17-0846-4737-A6E8-49D6528C6255}.Release|x86.ActiveCfg = Release|Any CPU
		{0C07B453-B561-4422-9795-C08920FF3D9E}.Debug|Any CPU.ActiveCfg = Debug|Any CPU
		{0C07B453-B561-4422-9795-C08920FF3D9E}.Debug|Any CPU.Build.0 = Debug|Any CPU
		{0C07B453-B561-4422-9795-C08920FF3D9E}.Debug|x86.ActiveCfg = Debug|Any CPU
		{0C07B453-B561-4422-9795-C08920FF3D9E}.Production|Any CPU.ActiveCfg = Production|Any CPU
		{0C07B453-B561-4422-9795-C08920FF3D9E}.Production|Any CPU.Build.0 = Production|Any CPU
		{0C07B453-B561-4422-9795-C08920FF3D9E}.Production|x86.ActiveCfg = Production|Any CPU
		{0C07B453-B561-4422-9795-C08920FF3D9E}.Release|Any CPU.ActiveCfg = Release|Any CPU
		{0C07B453-B561-4422-9795-C08920FF3D9E}.Release|Any CPU.Build.0 = Release|Any CPU
		{0C07B453-B561-4422-9795-C08920FF3D9E}.Release|x86.ActiveCfg = Release|Any CPU
		{573DF4A0-3C34-435A-A4EB-5BC2B8B8EBF0}.Debug|Any CPU.ActiveCfg = Debug|Any CPU
		{573DF4A0-3C34-435A-A4EB-5BC2B8B8EBF0}.Debug|Any CPU.Build.0 = Debug|Any CPU
		{573DF4A0-3C34-435A-A4EB-5BC2B8B8EBF0}.Debug|x86.ActiveCfg = Debug|Any CPU
		{573DF4A0-3C34-435A-A4EB-5BC2B8B8EBF0}.Production|Any CPU.ActiveCfg = Production|Any CPU
		{573DF4A0-3C34-435A-A4EB-5BC2B8B8EBF0}.Production|Any CPU.Build.0 = Production|Any CPU
		{573DF4A0-3C34-435A-A4EB-5BC2B8B8EBF0}.Production|x86.ActiveCfg = Production|Any CPU
		{573DF4A0-3C34-435A-A4EB-5BC2B8B8EBF0}.Release|Any CPU.ActiveCfg = Release|Any CPU
		{573DF4A0-3C34-435A-A4EB-5BC2B8B8EBF0}.Release|Any CPU.Build.0 = Release|Any CPU
		{573DF4A0-3C34-435A-A4EB-5BC2B8B8EBF0}.Release|x86.ActiveCfg = Release|Any CPU
		{DB80D502-E953-42DF-B24E-3364FC020BD9}.Debug|Any CPU.ActiveCfg = Debug|Any CPU
		{DB80D502-E953-42DF-B24E-3364FC020BD9}.Debug|Any CPU.Build.0 = Debug|Any CPU
		{DB80D502-E953-42DF-B24E-3364FC020BD9}.Debug|x86.ActiveCfg = Debug|Any CPU
		{DB80D502-E953-42DF-B24E-3364FC020BD9}.Production|Any CPU.ActiveCfg = Production|Any CPU
		{DB80D502-E953-42DF-B24E-3364FC020BD9}.Production|Any CPU.Build.0 = Production|Any CPU
		{DB80D502-E953-42DF-B24E-3364FC020BD9}.Production|x86.ActiveCfg = Production|Any CPU
		{DB80D502-E953-42DF-B24E-3364FC020BD9}.Release|Any CPU.ActiveCfg = Release|Any CPU
		{DB80D502-E953-42DF-B24E-3364FC020BD9}.Release|Any CPU.Build.0 = Release|Any CPU
		{DB80D502-E953-42DF-B24E-3364FC020BD9}.Release|x86.ActiveCfg = Release|Any CPU
		{6E682A14-C872-4813-B620-76E108DEA683}.Debug|Any CPU.ActiveCfg = Debug|Any CPU
		{6E682A14-C872-4813-B620-76E108DEA683}.Debug|Any CPU.Build.0 = Debug|Any CPU
		{6E682A14-C872-4813-B620-76E108DEA683}.Debug|x86.ActiveCfg = Debug|x86
		{6E682A14-C872-4813-B620-76E108DEA683}.Debug|x86.Build.0 = Debug|x86
		{6E682A14-C872-4813-B620-76E108DEA683}.Production|Any CPU.ActiveCfg = Production|Any CPU
		{6E682A14-C872-4813-B620-76E108DEA683}.Production|Any CPU.Build.0 = Production|Any CPU
		{6E682A14-C872-4813-B620-76E108DEA683}.Production|x86.ActiveCfg = Production|x86
		{6E682A14-C872-4813-B620-76E108DEA683}.Production|x86.Build.0 = Production|x86
		{6E682A14-C872-4813-B620-76E108DEA683}.Release|Any CPU.ActiveCfg = Release|Any CPU
		{6E682A14-C872-4813-B620-76E108DEA683}.Release|Any CPU.Build.0 = Release|Any CPU
		{6E682A14-C872-4813-B620-76E108DEA683}.Release|x86.ActiveCfg = Release|x86
		{6E682A14-C872-4813-B620-76E108DEA683}.Release|x86.Build.0 = Release|x86
		{6BB1B17C-ADB6-4019-9028-EA8865DB8E7B}.Debug|Any CPU.ActiveCfg = Debug|Any CPU
		{6BB1B17C-ADB6-4019-9028-EA8865DB8E7B}.Debug|Any CPU.Build.0 = Debug|Any CPU
		{6BB1B17C-ADB6-4019-9028-EA8865DB8E7B}.Debug|x86.ActiveCfg = Debug|x86
		{6BB1B17C-ADB6-4019-9028-EA8865DB8E7B}.Debug|x86.Build.0 = Debug|x86
		{6BB1B17C-ADB6-4019-9028-EA8865DB8E7B}.Production|Any CPU.ActiveCfg = Production|Any CPU
		{6BB1B17C-ADB6-4019-9028-EA8865DB8E7B}.Production|Any CPU.Build.0 = Production|Any CPU
		{6BB1B17C-ADB6-4019-9028-EA8865DB8E7B}.Production|x86.ActiveCfg = Production|x86
		{6BB1B17C-ADB6-4019-9028-EA8865DB8E7B}.Production|x86.Build.0 = Production|x86
		{6BB1B17C-ADB6-4019-9028-EA8865DB8E7B}.Release|Any CPU.ActiveCfg = Release|Any CPU
		{6BB1B17C-ADB6-4019-9028-EA8865DB8E7B}.Release|Any CPU.Build.0 = Release|Any CPU
		{6BB1B17C-ADB6-4019-9028-EA8865DB8E7B}.Release|x86.ActiveCfg = Release|x86
		{6BB1B17C-ADB6-4019-9028-EA8865DB8E7B}.Release|x86.Build.0 = Release|x86
		{DDB5B648-47C1-4B8E-AE7B-E7421AE9D6DE}.Debug|Any CPU.ActiveCfg = Debug|Any CPU
		{DDB5B648-47C1-4B8E-AE7B-E7421AE9D6DE}.Debug|Any CPU.Build.0 = Debug|Any CPU
		{DDB5B648-47C1-4B8E-AE7B-E7421AE9D6DE}.Debug|x86.ActiveCfg = Debug|Any CPU
		{DDB5B648-47C1-4B8E-AE7B-E7421AE9D6DE}.Production|Any CPU.ActiveCfg = Production|Any CPU
		{DDB5B648-47C1-4B8E-AE7B-E7421AE9D6DE}.Production|Any CPU.Build.0 = Production|Any CPU
		{DDB5B648-47C1-4B8E-AE7B-E7421AE9D6DE}.Production|x86.ActiveCfg = Production|Any CPU
		{DDB5B648-47C1-4B8E-AE7B-E7421AE9D6DE}.Release|Any CPU.ActiveCfg = Release|Any CPU
		{DDB5B648-47C1-4B8E-AE7B-E7421AE9D6DE}.Release|Any CPU.Build.0 = Release|Any CPU
		{DDB5B648-47C1-4B8E-AE7B-E7421AE9D6DE}.Release|x86.ActiveCfg = Release|Any CPU
		{8B6F2871-7324-46A6-8C02-6720B96C3D30}.Debug|Any CPU.ActiveCfg = Debug|Any CPU
		{8B6F2871-7324-46A6-8C02-6720B96C3D30}.Debug|Any CPU.Build.0 = Debug|Any CPU
		{8B6F2871-7324-46A6-8C02-6720B96C3D30}.Debug|x86.ActiveCfg = Debug|Any CPU
		{8B6F2871-7324-46A6-8C02-6720B96C3D30}.Production|Any CPU.ActiveCfg = Production|Any CPU
		{8B6F2871-7324-46A6-8C02-6720B96C3D30}.Production|Any CPU.Build.0 = Production|Any CPU
		{8B6F2871-7324-46A6-8C02-6720B96C3D30}.Production|x86.ActiveCfg = Production|Any CPU
		{8B6F2871-7324-46A6-8C02-6720B96C3D30}.Release|Any CPU.ActiveCfg = Release|Any CPU
		{8B6F2871-7324-46A6-8C02-6720B96C3D30}.Release|Any CPU.Build.0 = Release|Any CPU
		{8B6F2871-7324-46A6-8C02-6720B96C3D30}.Release|x86.ActiveCfg = Release|Any CPU
		{56157744-4B21-4268-91DC-EFC9D2917BE8}.Debug|Any CPU.ActiveCfg = Debug|Any CPU
		{56157744-4B21-4268-91DC-EFC9D2917BE8}.Debug|Any CPU.Build.0 = Debug|Any CPU
		{56157744-4B21-4268-91DC-EFC9D2917BE8}.Debug|x86.ActiveCfg = Debug|Any CPU
		{56157744-4B21-4268-91DC-EFC9D2917BE8}.Production|Any CPU.ActiveCfg = Production|Any CPU
		{56157744-4B21-4268-91DC-EFC9D2917BE8}.Production|Any CPU.Build.0 = Production|Any CPU
		{56157744-4B21-4268-91DC-EFC9D2917BE8}.Production|x86.ActiveCfg = Production|Any CPU
		{56157744-4B21-4268-91DC-EFC9D2917BE8}.Release|Any CPU.ActiveCfg = Release|Any CPU
		{56157744-4B21-4268-91DC-EFC9D2917BE8}.Release|Any CPU.Build.0 = Release|Any CPU
		{56157744-4B21-4268-91DC-EFC9D2917BE8}.Release|x86.ActiveCfg = Release|Any CPU
		{E3DA243A-E62D-4C1B-9F90-6EA0E283BA40}.Debug|Any CPU.ActiveCfg = Debug|Any CPU
		{E3DA243A-E62D-4C1B-9F90-6EA0E283BA40}.Debug|Any CPU.Build.0 = Debug|Any CPU
		{E3DA243A-E62D-4C1B-9F90-6EA0E283BA40}.Debug|x86.ActiveCfg = Debug|Any CPU
		{E3DA243A-E62D-4C1B-9F90-6EA0E283BA40}.Production|Any CPU.ActiveCfg = Production|Any CPU
		{E3DA243A-E62D-4C1B-9F90-6EA0E283BA40}.Production|Any CPU.Build.0 = Production|Any CPU
		{E3DA243A-E62D-4C1B-9F90-6EA0E283BA40}.Production|x86.ActiveCfg = Production|Any CPU
		{E3DA243A-E62D-4C1B-9F90-6EA0E283BA40}.Release|Any CPU.ActiveCfg = Release|Any CPU
		{E3DA243A-E62D-4C1B-9F90-6EA0E283BA40}.Release|Any CPU.Build.0 = Release|Any CPU
		{E3DA243A-E62D-4C1B-9F90-6EA0E283BA40}.Release|x86.ActiveCfg = Release|Any CPU
		{FE643FC3-D11A-4D73-9599-EF2B00CC7B93}.Debug|Any CPU.ActiveCfg = Debug|Any CPU
		{FE643FC3-D11A-4D73-9599-EF2B00CC7B93}.Debug|Any CPU.Build.0 = Debug|Any CPU
		{FE643FC3-D11A-4D73-9599-EF2B00CC7B93}.Debug|x86.ActiveCfg = Debug|Any CPU
		{FE643FC3-D11A-4D73-9599-EF2B00CC7B93}.Production|Any CPU.ActiveCfg = Production|Any CPU
		{FE643FC3-D11A-4D73-9599-EF2B00CC7B93}.Production|Any CPU.Build.0 = Production|Any CPU
		{FE643FC3-D11A-4D73-9599-EF2B00CC7B93}.Production|x86.ActiveCfg = Production|Any CPU
		{FE643FC3-D11A-4D73-9599-EF2B00CC7B93}.Release|Any CPU.ActiveCfg = Release|Any CPU
		{FE643FC3-D11A-4D73-9599-EF2B00CC7B93}.Release|Any CPU.Build.0 = Release|Any CPU
		{FE643FC3-D11A-4D73-9599-EF2B00CC7B93}.Release|x86.ActiveCfg = Release|Any CPU
		{B7C251A8-1ACB-4E08-A4BD-348E73E6222D}.Debug|Any CPU.ActiveCfg = Debug|Any CPU
		{B7C251A8-1ACB-4E08-A4BD-348E73E6222D}.Debug|Any CPU.Build.0 = Debug|Any CPU
		{B7C251A8-1ACB-4E08-A4BD-348E73E6222D}.Debug|x86.ActiveCfg = Debug|Any CPU
		{B7C251A8-1ACB-4E08-A4BD-348E73E6222D}.Production|Any CPU.ActiveCfg = Production|Any CPU
		{B7C251A8-1ACB-4E08-A4BD-348E73E6222D}.Production|Any CPU.Build.0 = Production|Any CPU
		{B7C251A8-1ACB-4E08-A4BD-348E73E6222D}.Production|x86.ActiveCfg = Production|Any CPU
		{B7C251A8-1ACB-4E08-A4BD-348E73E6222D}.Release|Any CPU.ActiveCfg = Release|Any CPU
		{B7C251A8-1ACB-4E08-A4BD-348E73E6222D}.Release|Any CPU.Build.0 = Release|Any CPU
		{B7C251A8-1ACB-4E08-A4BD-348E73E6222D}.Release|x86.ActiveCfg = Release|Any CPU
		{8B8D3FF3-9E4B-48D9-8BEF-52AB2651638A}.Debug|Any CPU.ActiveCfg = Debug|Any CPU
		{8B8D3FF3-9E4B-48D9-8BEF-52AB2651638A}.Debug|Any CPU.Build.0 = Debug|Any CPU
		{8B8D3FF3-9E4B-48D9-8BEF-52AB2651638A}.Debug|x86.ActiveCfg = Debug|Any CPU
		{8B8D3FF3-9E4B-48D9-8BEF-52AB2651638A}.Production|Any CPU.ActiveCfg = Production|Any CPU
		{8B8D3FF3-9E4B-48D9-8BEF-52AB2651638A}.Production|Any CPU.Build.0 = Production|Any CPU
		{8B8D3FF3-9E4B-48D9-8BEF-52AB2651638A}.Production|x86.ActiveCfg = Production|Any CPU
		{8B8D3FF3-9E4B-48D9-8BEF-52AB2651638A}.Release|Any CPU.ActiveCfg = Release|Any CPU
		{8B8D3FF3-9E4B-48D9-8BEF-52AB2651638A}.Release|Any CPU.Build.0 = Release|Any CPU
		{8B8D3FF3-9E4B-48D9-8BEF-52AB2651638A}.Release|x86.ActiveCfg = Release|Any CPU
		{2A7A4E8A-DF96-4DAA-814E-0B1123241277}.Debug|Any CPU.ActiveCfg = Debug|Any CPU
		{2A7A4E8A-DF96-4DAA-814E-0B1123241277}.Debug|Any CPU.Build.0 = Debug|Any CPU
		{2A7A4E8A-DF96-4DAA-814E-0B1123241277}.Debug|x86.ActiveCfg = Debug|Any CPU
		{2A7A4E8A-DF96-4DAA-814E-0B1123241277}.Production|Any CPU.ActiveCfg = Production|Any CPU
		{2A7A4E8A-DF96-4DAA-814E-0B1123241277}.Production|Any CPU.Build.0 = Production|Any CPU
		{2A7A4E8A-DF96-4DAA-814E-0B1123241277}.Production|x86.ActiveCfg = Production|Any CPU
		{2A7A4E8A-DF96-4DAA-814E-0B1123241277}.Release|Any CPU.ActiveCfg = Release|Any CPU
		{2A7A4E8A-DF96-4DAA-814E-0B1123241277}.Release|Any CPU.Build.0 = Release|Any CPU
		{2A7A4E8A-DF96-4DAA-814E-0B1123241277}.Release|x86.ActiveCfg = Release|Any CPU
		{0B2F2E78-14A2-491B-93AF-E57FCF2436D1}.Debug|Any CPU.ActiveCfg = Debug|Any CPU
		{0B2F2E78-14A2-491B-93AF-E57FCF2436D1}.Debug|Any CPU.Build.0 = Debug|Any CPU
		{0B2F2E78-14A2-491B-93AF-E57FCF2436D1}.Debug|x86.ActiveCfg = Debug|Any CPU
		{0B2F2E78-14A2-491B-93AF-E57FCF2436D1}.Production|Any CPU.ActiveCfg = Production|Any CPU
		{0B2F2E78-14A2-491B-93AF-E57FCF2436D1}.Production|Any CPU.Build.0 = Production|Any CPU
		{0B2F2E78-14A2-491B-93AF-E57FCF2436D1}.Production|x86.ActiveCfg = Production|Any CPU
		{0B2F2E78-14A2-491B-93AF-E57FCF2436D1}.Release|Any CPU.ActiveCfg = Release|Any CPU
		{0B2F2E78-14A2-491B-93AF-E57FCF2436D1}.Release|Any CPU.Build.0 = Release|Any CPU
		{0B2F2E78-14A2-491B-93AF-E57FCF2436D1}.Release|x86.ActiveCfg = Release|Any CPU
		{98D01441-1D06-4310-9516-13629B9EC26B}.Debug|Any CPU.ActiveCfg = Debug|Any CPU
		{98D01441-1D06-4310-9516-13629B9EC26B}.Debug|Any CPU.Build.0 = Debug|Any CPU
		{98D01441-1D06-4310-9516-13629B9EC26B}.Debug|x86.ActiveCfg = Debug|Any CPU
		{98D01441-1D06-4310-9516-13629B9EC26B}.Production|Any CPU.ActiveCfg = Production|Any CPU
		{98D01441-1D06-4310-9516-13629B9EC26B}.Production|Any CPU.Build.0 = Production|Any CPU
		{98D01441-1D06-4310-9516-13629B9EC26B}.Production|x86.ActiveCfg = Production|Any CPU
		{98D01441-1D06-4310-9516-13629B9EC26B}.Release|Any CPU.ActiveCfg = Release|Any CPU
		{98D01441-1D06-4310-9516-13629B9EC26B}.Release|Any CPU.Build.0 = Release|Any CPU
		{98D01441-1D06-4310-9516-13629B9EC26B}.Release|x86.ActiveCfg = Release|Any CPU
		{E7AB236A-F1A0-469C-AB14-A8F178926081}.Debug|Any CPU.ActiveCfg = Debug|Any CPU
		{E7AB236A-F1A0-469C-AB14-A8F178926081}.Debug|Any CPU.Build.0 = Debug|Any CPU
		{E7AB236A-F1A0-469C-AB14-A8F178926081}.Debug|x86.ActiveCfg = Debug|Any CPU
		{E7AB236A-F1A0-469C-AB14-A8F178926081}.Production|Any CPU.ActiveCfg = Production|Any CPU
		{E7AB236A-F1A0-469C-AB14-A8F178926081}.Production|Any CPU.Build.0 = Production|Any CPU
		{E7AB236A-F1A0-469C-AB14-A8F178926081}.Production|x86.ActiveCfg = Production|Any CPU
		{E7AB236A-F1A0-469C-AB14-A8F178926081}.Release|Any CPU.ActiveCfg = Release|Any CPU
		{E7AB236A-F1A0-469C-AB14-A8F178926081}.Release|Any CPU.Build.0 = Release|Any CPU
		{E7AB236A-F1A0-469C-AB14-A8F178926081}.Release|x86.ActiveCfg = Release|Any CPU
		{15305FB5-018F-4F22-BCEC-9EEA24FE7DA9}.Debug|Any CPU.ActiveCfg = Debug|Any CPU
		{15305FB5-018F-4F22-BCEC-9EEA24FE7DA9}.Debug|Any CPU.Build.0 = Debug|Any CPU
		{15305FB5-018F-4F22-BCEC-9EEA24FE7DA9}.Debug|x86.ActiveCfg = Debug|Any CPU
		{15305FB5-018F-4F22-BCEC-9EEA24FE7DA9}.Production|Any CPU.ActiveCfg = Release|Any CPU
		{15305FB5-018F-4F22-BCEC-9EEA24FE7DA9}.Production|Any CPU.Build.0 = Release|Any CPU
		{15305FB5-018F-4F22-BCEC-9EEA24FE7DA9}.Production|x86.ActiveCfg = Release|Any CPU
		{15305FB5-018F-4F22-BCEC-9EEA24FE7DA9}.Release|Any CPU.ActiveCfg = Release|Any CPU
		{15305FB5-018F-4F22-BCEC-9EEA24FE7DA9}.Release|Any CPU.Build.0 = Release|Any CPU
		{15305FB5-018F-4F22-BCEC-9EEA24FE7DA9}.Release|x86.ActiveCfg = Release|Any CPU
		{010F57FE-9DF0-4723-9327-7566CD5B290D}.Debug|Any CPU.ActiveCfg = Debug|Any CPU
		{010F57FE-9DF0-4723-9327-7566CD5B290D}.Debug|Any CPU.Build.0 = Debug|Any CPU
		{010F57FE-9DF0-4723-9327-7566CD5B290D}.Debug|x86.ActiveCfg = Debug|Any CPU
		{010F57FE-9DF0-4723-9327-7566CD5B290D}.Production|Any CPU.ActiveCfg = Release|Any CPU
		{010F57FE-9DF0-4723-9327-7566CD5B290D}.Production|Any CPU.Build.0 = Release|Any CPU
		{010F57FE-9DF0-4723-9327-7566CD5B290D}.Production|x86.ActiveCfg = Release|Any CPU
		{010F57FE-9DF0-4723-9327-7566CD5B290D}.Release|Any CPU.ActiveCfg = Release|Any CPU
		{010F57FE-9DF0-4723-9327-7566CD5B290D}.Release|Any CPU.Build.0 = Release|Any CPU
		{010F57FE-9DF0-4723-9327-7566CD5B290D}.Release|x86.ActiveCfg = Release|Any CPU
		{87B605B4-DCCD-468C-ADC9-3F95901687DD}.Debug|Any CPU.ActiveCfg = Debug|Any CPU
		{87B605B4-DCCD-468C-ADC9-3F95901687DD}.Debug|Any CPU.Build.0 = Debug|Any CPU
		{87B605B4-DCCD-468C-ADC9-3F95901687DD}.Debug|x86.ActiveCfg = Debug|Any CPU
		{87B605B4-DCCD-468C-ADC9-3F95901687DD}.Production|Any CPU.ActiveCfg = Release|Any CPU
		{87B605B4-DCCD-468C-ADC9-3F95901687DD}.Production|Any CPU.Build.0 = Release|Any CPU
		{87B605B4-DCCD-468C-ADC9-3F95901687DD}.Production|x86.ActiveCfg = Release|Any CPU
		{87B605B4-DCCD-468C-ADC9-3F95901687DD}.Release|Any CPU.ActiveCfg = Release|Any CPU
		{87B605B4-DCCD-468C-ADC9-3F95901687DD}.Release|Any CPU.Build.0 = Release|Any CPU
		{87B605B4-DCCD-468C-ADC9-3F95901687DD}.Release|x86.ActiveCfg = Release|Any CPU
		{6FFF469C-0649-44F4-879D-6793B289714F}.Debug|Any CPU.ActiveCfg = Debug|Any CPU
		{6FFF469C-0649-44F4-879D-6793B289714F}.Debug|Any CPU.Build.0 = Debug|Any CPU
		{6FFF469C-0649-44F4-879D-6793B289714F}.Debug|x86.ActiveCfg = Debug|Any CPU
		{6FFF469C-0649-44F4-879D-6793B289714F}.Production|Any CPU.ActiveCfg = Release|Any CPU
		{6FFF469C-0649-44F4-879D-6793B289714F}.Production|Any CPU.Build.0 = Release|Any CPU
		{6FFF469C-0649-44F4-879D-6793B289714F}.Production|x86.ActiveCfg = Release|Any CPU
		{6FFF469C-0649-44F4-879D-6793B289714F}.Release|Any CPU.ActiveCfg = Release|Any CPU
		{6FFF469C-0649-44F4-879D-6793B289714F}.Release|Any CPU.Build.0 = Release|Any CPU
		{6FFF469C-0649-44F4-879D-6793B289714F}.Release|x86.ActiveCfg = Release|Any CPU
		{CA745716-7882-404A-BA9F-E766A4DD5B69}.Debug|Any CPU.ActiveCfg = Debug|Any CPU
		{CA745716-7882-404A-BA9F-E766A4DD5B69}.Debug|Any CPU.Build.0 = Debug|Any CPU
		{CA745716-7882-404A-BA9F-E766A4DD5B69}.Debug|x86.ActiveCfg = Debug|Any CPU
		{CA745716-7882-404A-BA9F-E766A4DD5B69}.Production|Any CPU.ActiveCfg = Release|Any CPU
		{CA745716-7882-404A-BA9F-E766A4DD5B69}.Production|Any CPU.Build.0 = Release|Any CPU
		{CA745716-7882-404A-BA9F-E766A4DD5B69}.Production|x86.ActiveCfg = Release|Any CPU
		{CA745716-7882-404A-BA9F-E766A4DD5B69}.Release|Any CPU.ActiveCfg = Release|Any CPU
		{CA745716-7882-404A-BA9F-E766A4DD5B69}.Release|Any CPU.Build.0 = Release|Any CPU
		{CA745716-7882-404A-BA9F-E766A4DD5B69}.Release|x86.ActiveCfg = Release|Any CPU
	EndGlobalSection
	GlobalSection(SolutionProperties) = preSolution
		HideSolutionNode = FALSE
	EndGlobalSection
	GlobalSection(NestedProjects) = preSolution
		{573DF4A0-3C34-435A-A4EB-5BC2B8B8EBF0} = {A49681B6-4DD7-4FCA-8D2B-87C6B2B81A67}
		{DB80D502-E953-42DF-B24E-3364FC020BD9} = {A49681B6-4DD7-4FCA-8D2B-87C6B2B81A67}
		{0C07B453-B561-4422-9795-C08920FF3D9E} = {A49681B6-4DD7-4FCA-8D2B-87C6B2B81A67}
		{B7C251A8-1ACB-4E08-A4BD-348E73E6222D} = {A49681B6-4DD7-4FCA-8D2B-87C6B2B81A67}
		{6E682A14-C872-4813-B620-76E108DEA683} = {1495EF8D-A0CB-4191-A46B-DC876C45D1FD}
		{6BB1B17C-ADB6-4019-9028-EA8865DB8E7B} = {1495EF8D-A0CB-4191-A46B-DC876C45D1FD}
		{98D01441-1D06-4310-9516-13629B9EC26B} = {379B67BD-640A-4511-87AE-A7287B7DC1DE}
		{010F57FE-9DF0-4723-9327-7566CD5B290D} = {379B67BD-640A-4511-87AE-A7287B7DC1DE}
		{87B605B4-DCCD-468C-ADC9-3F95901687DD} = {379B67BD-640A-4511-87AE-A7287B7DC1DE}
	EndGlobalSection
EndGlobal
