
Microsoft Visual Studio Solution File, Format Version 12.00
# Visual Studio 2013
VisualStudioVersion = 12.0.31101.0
MinimumVisualStudioVersion = 10.0.40219.1
Project("{FAE04EC0-301F-11D3-BF4B-00C04F79EFBC}") = "PAI.FRATIS.SFL.Web.Framework", "PAI.FRATIS.SFL.Web.Framework\PAI.FRATIS.SFL.Web.Framework.csproj", "{EAF0F19F-14C6-4233-B9A6-09B65B5EB4C8}"
EndProject
Project("{FAE04EC0-301F-11D3-BF4B-00C04F79EFBC}") = "PAI.FRATIS.SFL.Web", "PAI.FRATIS.SFL.Web\PAI.FRATIS.SFL.Web.csproj", "{7612CF03-47DD-4815-8AA9-41DE6B9FB3D6}"
EndProject
Project("{FAE04EC0-301F-11D3-BF4B-00C04F79EFBC}") = "PAI.FRATIS.SFL.Tests", "PAI.FRATIS.SFL.Tests\PAI.FRATIS.SFL.Tests.csproj", "{7F62BA50-17CA-4831-B73F-72AFF77AC047}"
EndProject
Project("{2150E333-8FDC-42A3-9474-1A3956D46DE8}") = "Tests", "Tests", "{604CE850-1792-4AB3-BFCD-ADA07BA1306A}"
EndProject
Project("{2150E333-8FDC-42A3-9474-1A3956D46DE8}") = "Web", "Web", "{F934EABF-14A3-4874-A2CC-CCB355424C69}"
EndProject
Project("{2150E333-8FDC-42A3-9474-1A3956D46DE8}") = "Libraries", "Libraries", "{2168BE5C-A253-4983-9CC4-9D674B91F1B5}"
EndProject
Project("{FAE04EC0-301F-11D3-BF4B-00C04F79EFBC}") = "PAI.FRATIS.SFL.Services", "PAI.FRATIS.SFL.Services\PAI.FRATIS.SFL.Services.csproj", "{6471633B-C3C7-4238-BAA8-3F26540329F1}"
EndProject
Project("{2150E333-8FDC-42A3-9474-1A3956D46DE8}") = "Data", "Data", "{EFE87AA6-A309-42D8-B0F0-F8074B22C41F}"
EndProject
Project("{FAE04EC0-301F-11D3-BF4B-00C04F79EFBC}") = "PAI.FRATIS.SFL.Domain", "PAI.FRATIS.SFL.Domain\PAI.FRATIS.SFL.Domain.csproj", "{8FFB0E4C-2904-47E7-91E7-FA8BDCD87C23}"
EndProject
Project("{FAE04EC0-301F-11D3-BF4B-00C04F79EFBC}") = "PAI.FRATIS.SFL.Common", "PAI.Common\PAI.FRATIS.SFL.Common.csproj", "{5B819D25-47CF-44EC-B374-CEB524729183}"
EndProject
Project("{FAE04EC0-301F-11D3-BF4B-00C04F79EFBC}") = "PAI.FRATIS.SFL.Data", "PAI.FRATIS.SFL.Data\PAI.FRATIS.SFL.Data.csproj", "{991CBC1A-27E1-4D27-9236-8EAEA31B08C1}"
EndProject
Project("{FAE04EC0-301F-11D3-BF4B-00C04F79EFBC}") = "PAI.FRATIS.ExternalServices", "PAI.FRATIS.ExternalServices\PAI.FRATIS.ExternalServices.csproj", "{24E3FDAF-EE54-467A-8549-48E5D1A59129}"
EndProject
Project("{FAE04EC0-301F-11D3-BF4B-00C04F79EFBC}") = "PAI.FRATIS.SFL.DataServices.Tests", "PAI.FRATIS.SFL.DataServices.Tests\PAI.FRATIS.SFL.DataServices.Tests.csproj", "{183D9739-71FB-4402-BDEC-A49A62FE6061}"
EndProject
Project("{2150E333-8FDC-42A3-9474-1A3956D46DE8}") = "Optimizer", "Optimizer", "{ADBD63E7-E2E8-445C-9BA6-32FCBD960D4E}"
EndProject
Project("{FAE04EC0-301F-11D3-BF4B-00C04F79EFBC}") = "PAI.Drayage.Optimization", "..\CTIP\PAI.Drayage.Optimization\PAI.Drayage.Optimization.csproj", "{0028FE9C-9A4D-447B-AFA6-2CA50F61854D}"
EndProject
Project("{FAE04EC0-301F-11D3-BF4B-00C04F79EFBC}") = "PAI.Drayage.EnhancedOptimization", "..\CTIP\PAI.Drayage.EnhancedOptimization\PAI.Drayage.EnhancedOptimization.csproj", "{B450217A-1223-4B80-AE86-423A8BAD2D84}"
EndProject
Project("{FAE04EC0-301F-11D3-BF4B-00C04F79EFBC}") = "PAI.Drayage.Optimization.Reporting", "..\CTIP\PAI.Drayage.Optimization.Reporting\PAI.Drayage.Optimization.Reporting.csproj", "{0EF7FFEA-7A90-47F3-8E34-A167AB0A464D}"
EndProject
Project("{FAE04EC0-301F-11D3-BF4B-00C04F79EFBC}") = "PAI.FRATIS.SFL.Optimization.Adapter", "PAI.FRATIS.SFL.Optimization.Adapter\PAI.FRATIS.SFL.Optimization.Adapter.csproj", "{9A4F9E80-FA09-41F6-B1A4-CE202F41E171}"
EndProject
Project("{FAE04EC0-301F-11D3-BF4B-00C04F79EFBC}") = "PAI.FRATIS.SFL.Infrastructure", "PAI.FRATIS.SFL.Infrastructure\PAI.FRATIS.SFL.Infrastructure.csproj", "{89E8DC64-651F-43A6-A7DD-DEC23EA73268}"
EndProject
Project("{FAE04EC0-301F-11D3-BF4B-00C04F79EFBC}") = "PAI.Infrastructure", "..\CTIP\PAI.Infrastructure\PAI.Infrastructure.csproj", "{4CB641FF-BE25-456E-8BF2-4C7195C6CEF4}"
EndProject
Project("{FAE04EC0-301F-11D3-BF4B-00C04F79EFBC}") = "PAI.FRATIS.SFL.ImporterApp", "PAI.FRATIS.SFL.ImporterApp\PAI.FRATIS.SFL.ImporterApp.csproj", "{F1686B2C-1873-4856-BAFB-7183C27F4ECB}"
EndProject
Project("{FAE04EC0-301F-11D3-BF4B-00C04F79EFBC}") = "BackgroundMonitor", "BackgroundMonitor\BackgroundMonitor.csproj", "{BE33E676-180E-418F-9FEF-C7E2CFF85F91}"
EndProject
Global
	GlobalSection(SolutionConfigurationPlatforms) = preSolution
		Debug|Any CPU = Debug|Any CPU
		Release|Any CPU = Release|Any CPU
	EndGlobalSection
	GlobalSection(ProjectConfigurationPlatforms) = postSolution
		{EAF0F19F-14C6-4233-B9A6-09B65B5EB4C8}.Debug|Any CPU.ActiveCfg = Debug|Any CPU
		{EAF0F19F-14C6-4233-B9A6-09B65B5EB4C8}.Debug|Any CPU.Build.0 = Debug|Any CPU
		{EAF0F19F-14C6-4233-B9A6-09B65B5EB4C8}.Release|Any CPU.ActiveCfg = Release|Any CPU
		{EAF0F19F-14C6-4233-B9A6-09B65B5EB4C8}.Release|Any CPU.Build.0 = Release|Any CPU
		{7612CF03-47DD-4815-8AA9-41DE6B9FB3D6}.Debug|Any CPU.ActiveCfg = Debug|Any CPU
		{7612CF03-47DD-4815-8AA9-41DE6B9FB3D6}.Debug|Any CPU.Build.0 = Debug|Any CPU
		{7612CF03-47DD-4815-8AA9-41DE6B9FB3D6}.Release|Any CPU.ActiveCfg = Release|Any CPU
		{7612CF03-47DD-4815-8AA9-41DE6B9FB3D6}.Release|Any CPU.Build.0 = Release|Any CPU
		{7F62BA50-17CA-4831-B73F-72AFF77AC047}.Debug|Any CPU.ActiveCfg = Debug|Any CPU
		{7F62BA50-17CA-4831-B73F-72AFF77AC047}.Debug|Any CPU.Build.0 = Debug|Any CPU
		{7F62BA50-17CA-4831-B73F-72AFF77AC047}.Release|Any CPU.ActiveCfg = Release|Any CPU
		{7F62BA50-17CA-4831-B73F-72AFF77AC047}.Release|Any CPU.Build.0 = Release|Any CPU
		{6471633B-C3C7-4238-BAA8-3F26540329F1}.Debug|Any CPU.ActiveCfg = Debug|Any CPU
		{6471633B-C3C7-4238-BAA8-3F26540329F1}.Debug|Any CPU.Build.0 = Debug|Any CPU
		{6471633B-C3C7-4238-BAA8-3F26540329F1}.Release|Any CPU.ActiveCfg = Release|Any CPU
		{6471633B-C3C7-4238-BAA8-3F26540329F1}.Release|Any CPU.Build.0 = Release|Any CPU
		{8FFB0E4C-2904-47E7-91E7-FA8BDCD87C23}.Debug|Any CPU.ActiveCfg = Debug|Any CPU
		{8FFB0E4C-2904-47E7-91E7-FA8BDCD87C23}.Debug|Any CPU.Build.0 = Debug|Any CPU
		{8FFB0E4C-2904-47E7-91E7-FA8BDCD87C23}.Release|Any CPU.ActiveCfg = Release|Any CPU
		{8FFB0E4C-2904-47E7-91E7-FA8BDCD87C23}.Release|Any CPU.Build.0 = Release|Any CPU
		{5B819D25-47CF-44EC-B374-CEB524729183}.Debug|Any CPU.ActiveCfg = Debug|Any CPU
		{5B819D25-47CF-44EC-B374-CEB524729183}.Debug|Any CPU.Build.0 = Debug|Any CPU
		{5B819D25-47CF-44EC-B374-CEB524729183}.Release|Any CPU.ActiveCfg = Release|Any CPU
		{5B819D25-47CF-44EC-B374-CEB524729183}.Release|Any CPU.Build.0 = Release|Any CPU
		{991CBC1A-27E1-4D27-9236-8EAEA31B08C1}.Debug|Any CPU.ActiveCfg = Debug|Any CPU
		{991CBC1A-27E1-4D27-9236-8EAEA31B08C1}.Debug|Any CPU.Build.0 = Debug|Any CPU
		{991CBC1A-27E1-4D27-9236-8EAEA31B08C1}.Release|Any CPU.ActiveCfg = Release|Any CPU
		{991CBC1A-27E1-4D27-9236-8EAEA31B08C1}.Release|Any CPU.Build.0 = Release|Any CPU
		{24E3FDAF-EE54-467A-8549-48E5D1A59129}.Debug|Any CPU.ActiveCfg = Debug|Any CPU
		{24E3FDAF-EE54-467A-8549-48E5D1A59129}.Debug|Any CPU.Build.0 = Debug|Any CPU
		{24E3FDAF-EE54-467A-8549-48E5D1A59129}.Release|Any CPU.ActiveCfg = Release|Any CPU
		{24E3FDAF-EE54-467A-8549-48E5D1A59129}.Release|Any CPU.Build.0 = Release|Any CPU
		{183D9739-71FB-4402-BDEC-A49A62FE6061}.Debug|Any CPU.ActiveCfg = Debug|Any CPU
		{183D9739-71FB-4402-BDEC-A49A62FE6061}.Debug|Any CPU.Build.0 = Debug|Any CPU
		{183D9739-71FB-4402-BDEC-A49A62FE6061}.Release|Any CPU.ActiveCfg = Release|Any CPU
		{183D9739-71FB-4402-BDEC-A49A62FE6061}.Release|Any CPU.Build.0 = Release|Any CPU
		{0028FE9C-9A4D-447B-AFA6-2CA50F61854D}.Debug|Any CPU.ActiveCfg = Debug|Any CPU
		{0028FE9C-9A4D-447B-AFA6-2CA50F61854D}.Debug|Any CPU.Build.0 = Debug|Any CPU
		{0028FE9C-9A4D-447B-AFA6-2CA50F61854D}.Release|Any CPU.ActiveCfg = Release|Any CPU
		{0028FE9C-9A4D-447B-AFA6-2CA50F61854D}.Release|Any CPU.Build.0 = Release|Any CPU
		{B450217A-1223-4B80-AE86-423A8BAD2D84}.Debug|Any CPU.ActiveCfg = Debug|Any CPU
		{B450217A-1223-4B80-AE86-423A8BAD2D84}.Debug|Any CPU.Build.0 = Debug|Any CPU
		{B450217A-1223-4B80-AE86-423A8BAD2D84}.Release|Any CPU.ActiveCfg = Release|Any CPU
		{B450217A-1223-4B80-AE86-423A8BAD2D84}.Release|Any CPU.Build.0 = Release|Any CPU
		{0EF7FFEA-7A90-47F3-8E34-A167AB0A464D}.Debug|Any CPU.ActiveCfg = Debug|Any CPU
		{0EF7FFEA-7A90-47F3-8E34-A167AB0A464D}.Debug|Any CPU.Build.0 = Debug|Any CPU
		{0EF7FFEA-7A90-47F3-8E34-A167AB0A464D}.Release|Any CPU.ActiveCfg = Release|Any CPU
		{0EF7FFEA-7A90-47F3-8E34-A167AB0A464D}.Release|Any CPU.Build.0 = Release|Any CPU
		{9A4F9E80-FA09-41F6-B1A4-CE202F41E171}.Debug|Any CPU.ActiveCfg = Debug|Any CPU
		{9A4F9E80-FA09-41F6-B1A4-CE202F41E171}.Debug|Any CPU.Build.0 = Debug|Any CPU
		{9A4F9E80-FA09-41F6-B1A4-CE202F41E171}.Release|Any CPU.ActiveCfg = Release|Any CPU
		{9A4F9E80-FA09-41F6-B1A4-CE202F41E171}.Release|Any CPU.Build.0 = Release|Any CPU
		{89E8DC64-651F-43A6-A7DD-DEC23EA73268}.Debug|Any CPU.ActiveCfg = Debug|Any CPU
		{89E8DC64-651F-43A6-A7DD-DEC23EA73268}.Debug|Any CPU.Build.0 = Debug|Any CPU
		{89E8DC64-651F-43A6-A7DD-DEC23EA73268}.Release|Any CPU.ActiveCfg = Release|Any CPU
		{89E8DC64-651F-43A6-A7DD-DEC23EA73268}.Release|Any CPU.Build.0 = Release|Any CPU
		{4CB641FF-BE25-456E-8BF2-4C7195C6CEF4}.Debug|Any CPU.ActiveCfg = Debug|Any CPU
		{4CB641FF-BE25-456E-8BF2-4C7195C6CEF4}.Debug|Any CPU.Build.0 = Debug|Any CPU
		{4CB641FF-BE25-456E-8BF2-4C7195C6CEF4}.Release|Any CPU.ActiveCfg = Release|Any CPU
		{4CB641FF-BE25-456E-8BF2-4C7195C6CEF4}.Release|Any CPU.Build.0 = Release|Any CPU
		{F1686B2C-1873-4856-BAFB-7183C27F4ECB}.Debug|Any CPU.ActiveCfg = Debug|Any CPU
		{F1686B2C-1873-4856-BAFB-7183C27F4ECB}.Debug|Any CPU.Build.0 = Debug|Any CPU
		{F1686B2C-1873-4856-BAFB-7183C27F4ECB}.Release|Any CPU.ActiveCfg = Release|Any CPU
		{F1686B2C-1873-4856-BAFB-7183C27F4ECB}.Release|Any CPU.Build.0 = Release|Any CPU
		{BE33E676-180E-418F-9FEF-C7E2CFF85F91}.Debug|Any CPU.ActiveCfg = Debug|Any CPU
		{BE33E676-180E-418F-9FEF-C7E2CFF85F91}.Debug|Any CPU.Build.0 = Debug|Any CPU
		{BE33E676-180E-418F-9FEF-C7E2CFF85F91}.Release|Any CPU.ActiveCfg = Release|Any CPU
		{BE33E676-180E-418F-9FEF-C7E2CFF85F91}.Release|Any CPU.Build.0 = Release|Any CPU
	EndGlobalSection
	GlobalSection(SolutionProperties) = preSolution
		HideSolutionNode = FALSE
	EndGlobalSection
	GlobalSection(NestedProjects) = preSolution
		{EAF0F19F-14C6-4233-B9A6-09B65B5EB4C8} = {F934EABF-14A3-4874-A2CC-CCB355424C69}
		{7612CF03-47DD-4815-8AA9-41DE6B9FB3D6} = {F934EABF-14A3-4874-A2CC-CCB355424C69}
		{7F62BA50-17CA-4831-B73F-72AFF77AC047} = {604CE850-1792-4AB3-BFCD-ADA07BA1306A}
		{6471633B-C3C7-4238-BAA8-3F26540329F1} = {2168BE5C-A253-4983-9CC4-9D674B91F1B5}
		{8FFB0E4C-2904-47E7-91E7-FA8BDCD87C23} = {EFE87AA6-A309-42D8-B0F0-F8074B22C41F}
		{5B819D25-47CF-44EC-B374-CEB524729183} = {EFE87AA6-A309-42D8-B0F0-F8074B22C41F}
		{991CBC1A-27E1-4D27-9236-8EAEA31B08C1} = {EFE87AA6-A309-42D8-B0F0-F8074B22C41F}
		{24E3FDAF-EE54-467A-8549-48E5D1A59129} = {2168BE5C-A253-4983-9CC4-9D674B91F1B5}
		{183D9739-71FB-4402-BDEC-A49A62FE6061} = {604CE850-1792-4AB3-BFCD-ADA07BA1306A}
		{0028FE9C-9A4D-447B-AFA6-2CA50F61854D} = {ADBD63E7-E2E8-445C-9BA6-32FCBD960D4E}
		{B450217A-1223-4B80-AE86-423A8BAD2D84} = {ADBD63E7-E2E8-445C-9BA6-32FCBD960D4E}
		{0EF7FFEA-7A90-47F3-8E34-A167AB0A464D} = {ADBD63E7-E2E8-445C-9BA6-32FCBD960D4E}
		{9A4F9E80-FA09-41F6-B1A4-CE202F41E171} = {ADBD63E7-E2E8-445C-9BA6-32FCBD960D4E}
		{89E8DC64-651F-43A6-A7DD-DEC23EA73268} = {EFE87AA6-A309-42D8-B0F0-F8074B22C41F}
		{4CB641FF-BE25-456E-8BF2-4C7195C6CEF4} = {EFE87AA6-A309-42D8-B0F0-F8074B22C41F}
		{F1686B2C-1873-4856-BAFB-7183C27F4ECB} = {F934EABF-14A3-4874-A2CC-CCB355424C69}
		{BE33E676-180E-418F-9FEF-C7E2CFF85F91} = {F934EABF-14A3-4874-A2CC-CCB355424C69}
	EndGlobalSection
EndGlobal
